// !$*UTF8*$!
{
	archiveVersion = 1;
	classes = {
	};
	objectVersion = 56;
	objects = {

/* Begin PBXBuildFile section */
		F124A28A29D31ED80037B276 /* AppDelegate.swift in Sources */ = {isa = PBXBuildFile; fileRef = F124A28929D31ED80037B276 /* AppDelegate.swift */; };
		F124A28C29D31ED80037B276 /* SceneDelegate.swift in Sources */ = {isa = PBXBuildFile; fileRef = F124A28B29D31ED80037B276 /* SceneDelegate.swift */; };
		F124A28E29D31ED80037B276 /* ViewController.swift in Sources */ = {isa = PBXBuildFile; fileRef = F124A28D29D31ED80037B276 /* ViewController.swift */; };
		F124A29129D31ED80037B276 /* Main.storyboard in Resources */ = {isa = PBXBuildFile; fileRef = F124A28F29D31ED80037B276 /* Main.storyboard */; };
		F124A29429D31ED80037B276 /* pokedex_ios.xcdatamodeld in Sources */ = {isa = PBXBuildFile; fileRef = F124A29229D31ED80037B276 /* pokedex_ios.xcdatamodeld */; };
		F124A29629D31ED90037B276 /* Assets.xcassets in Resources */ = {isa = PBXBuildFile; fileRef = F124A29529D31ED90037B276 /* Assets.xcassets */; };
		F124A29929D31ED90037B276 /* LaunchScreen.storyboard in Resources */ = {isa = PBXBuildFile; fileRef = F124A29729D31ED90037B276 /* LaunchScreen.storyboard */; };
		F15458C029D7636F0069AF0E /* Enamel_Pokeball_01_Top-View.png in Resources */ = {isa = PBXBuildFile; fileRef = F15458BF29D7636F0069AF0E /* Enamel_Pokeball_01_Top-View.png */; };
		F15458C229D764940069AF0E /* who_pokemon.0.jpg in Resources */ = {isa = PBXBuildFile; fileRef = F15458C129D764940069AF0E /* who_pokemon.0.jpg */; };
		F17B171229D9B45E0005F28A /* enumSegue.swift in Sources */ = {isa = PBXBuildFile; fileRef = F17B171129D9B45E0005F28A /* enumSegue.swift */; };
		F17B171C29D9B64E0005F28A /* SelectedCellViewController.swift in Sources */ = {isa = PBXBuildFile; fileRef = F17B171B29D9B64E0005F28A /* SelectedCellViewController.swift */; };
		F17B171E29D9B66A0005F28A /* RegistrationViewController.swift in Sources */ = {isa = PBXBuildFile; fileRef = F17B171D29D9B66A0005F28A /* RegistrationViewController.swift */; };
		F17B172029D9B6880005F28A /* TableViewController.swift in Sources */ = {isa = PBXBuildFile; fileRef = F17B171F29D9B6880005F28A /* TableViewController.swift */; };
/* End PBXBuildFile section */

/* Begin PBXFileReference section */
		F124A28629D31ED80037B276 /* pokedex-ios.app */ = {isa = PBXFileReference; explicitFileType = wrapper.application; includeInIndex = 0; path = "pokedex-ios.app"; sourceTree = BUILT_PRODUCTS_DIR; };
		F124A28929D31ED80037B276 /* AppDelegate.swift */ = {isa = PBXFileReference; lastKnownFileType = sourcecode.swift; path = AppDelegate.swift; sourceTree = "<group>"; };
		F124A28B29D31ED80037B276 /* SceneDelegate.swift */ = {isa = PBXFileReference; lastKnownFileType = sourcecode.swift; path = SceneDelegate.swift; sourceTree = "<group>"; };
		F124A28D29D31ED80037B276 /* ViewController.swift */ = {isa = PBXFileReference; lastKnownFileType = sourcecode.swift; path = ViewController.swift; sourceTree = "<group>"; };
		F124A29029D31ED80037B276 /* Base */ = {isa = PBXFileReference; lastKnownFileType = file.storyboard; name = Base; path = Base.lproj/Main.storyboard; sourceTree = "<group>"; };
		F124A29329D31ED80037B276 /* pokedex_ios.xcdatamodel */ = {isa = PBXFileReference; lastKnownFileType = wrapper.xcdatamodel; path = pokedex_ios.xcdatamodel; sourceTree = "<group>"; };
		F124A29529D31ED90037B276 /* Assets.xcassets */ = {isa = PBXFileReference; lastKnownFileType = folder.assetcatalog; path = Assets.xcassets; sourceTree = "<group>"; };
		F124A29829D31ED90037B276 /* Base */ = {isa = PBXFileReference; lastKnownFileType = file.storyboard; name = Base; path = Base.lproj/LaunchScreen.storyboard; sourceTree = "<group>"; };
		F124A29A29D31ED90037B276 /* Info.plist */ = {isa = PBXFileReference; lastKnownFileType = text.plist.xml; path = Info.plist; sourceTree = "<group>"; };
		F15458BF29D7636F0069AF0E /* Enamel_Pokeball_01_Top-View.png */ = {isa = PBXFileReference; lastKnownFileType = image.png; path = "Enamel_Pokeball_01_Top-View.png"; sourceTree = "<group>"; };
		F15458C129D764940069AF0E /* who_pokemon.0.jpg */ = {isa = PBXFileReference; lastKnownFileType = image.jpeg; path = who_pokemon.0.jpg; sourceTree = "<group>"; };
		F17B171129D9B45E0005F28A /* enumSegue.swift */ = {isa = PBXFileReference; lastKnownFileType = sourcecode.swift; path = enumSegue.swift; sourceTree = "<group>"; };
		F17B171B29D9B64E0005F28A /* SelectedCellViewController.swift */ = {isa = PBXFileReference; lastKnownFileType = sourcecode.swift; path = SelectedCellViewController.swift; sourceTree = "<group>"; };
		F17B171D29D9B66A0005F28A /* RegistrationViewController.swift */ = {isa = PBXFileReference; lastKnownFileType = sourcecode.swift; path = RegistrationViewController.swift; sourceTree = "<group>"; };
		F17B171F29D9B6880005F28A /* TableViewController.swift */ = {isa = PBXFileReference; lastKnownFileType = sourcecode.swift; path = TableViewController.swift; sourceTree = "<group>"; };
/* End PBXFileReference section */

/* Begin PBXFrameworksBuildPhase section */
		F124A28329D31ED80037B276 /* Frameworks */ = {
			isa = PBXFrameworksBuildPhase;
			buildActionMask = 2147483647;
			files = (
			);
			runOnlyForDeploymentPostprocessing = 0;
		};
/* End PBXFrameworksBuildPhase section */

/* Begin PBXGroup section */
		F124A27D29D31ED80037B276 = {
			isa = PBXGroup;
			children = (
				F124A28829D31ED80037B276 /* pokedex-ios */,
				F124A28729D31ED80037B276 /* Products */,
			);
			sourceTree = "<group>";
		};
		F124A28729D31ED80037B276 /* Products */ = {
			isa = PBXGroup;
			children = (
				F124A28629D31ED80037B276 /* pokedex-ios.app */,
			);
			name = Products;
			sourceTree = "<group>";
		};
		F124A28829D31ED80037B276 /* pokedex-ios */ = {
			isa = PBXGroup;
			children = (
				F17B172229D9BACF0005F28A /* Source */,
				F17B172129D9BAB80005F28A /* Service */,
				F15458BC29D7630D0069AF0E /* img */,
				F124A28929D31ED80037B276 /* AppDelegate.swift */,
				F124A28B29D31ED80037B276 /* SceneDelegate.swift */,
				F124A28D29D31ED80037B276 /* ViewController.swift */,
				F124A28F29D31ED80037B276 /* Main.storyboard */,
				F124A29529D31ED90037B276 /* Assets.xcassets */,
				F124A29729D31ED90037B276 /* LaunchScreen.storyboard */,
				F124A29A29D31ED90037B276 /* Info.plist */,
				F124A29229D31ED80037B276 /* pokedex_ios.xcdatamodeld */,
				F17B171129D9B45E0005F28A /* enumSegue.swift */,
				F17B171B29D9B64E0005F28A /* SelectedCellViewController.swift */,
				F17B171D29D9B66A0005F28A /* RegistrationViewController.swift */,
				F17B171F29D9B6880005F28A /* TableViewController.swift */,
			);
			path = "pokedex-ios";
			sourceTree = "<group>";
		};
		F15458BC29D7630D0069AF0E /* img */ = {
			isa = PBXGroup;
			children = (
				F15458C129D764940069AF0E /* who_pokemon.0.jpg */,
				F15458BF29D7636F0069AF0E /* Enamel_Pokeball_01_Top-View.png */,
			);
			path = img;
			sourceTree = "<group>";
		};
		F17B172129D9BAB80005F28A /* Service */ = {
			isa = PBXGroup;
			children = (
			);
			path = Service;
			sourceTree = "<group>";
		};
		F17B172229D9BACF0005F28A /* Source */ = {
			isa = PBXGroup;
			children = (
			);
			path = Source;
			sourceTree = "<group>";
		};
/* End PBXGroup section */

/* Begin PBXNativeTarget section */
		F124A28529D31ED80037B276 /* pokedex-ios */ = {
			isa = PBXNativeTarget;
			buildConfigurationList = F124A29D29D31ED90037B276 /* Build configuration list for PBXNativeTarget "pokedex-ios" */;
			buildPhases = (
				F124A28229D31ED80037B276 /* Sources */,
				F124A28329D31ED80037B276 /* Frameworks */,
				F124A28429D31ED80037B276 /* Resources */,
			);
			buildRules = (
			);
			dependencies = (
			);
			name = "pokedex-ios";
			productName = "pokedex-ios";
			productReference = F124A28629D31ED80037B276 /* pokedex-ios.app */;
			productType = "com.apple.product-type.application";
		};
/* End PBXNativeTarget section */

/* Begin PBXProject section */
		F124A27E29D31ED80037B276 /* Project object */ = {
			isa = PBXProject;
			attributes = {
				BuildIndependentTargetsInParallel = 1;
				LastSwiftUpdateCheck = 1420;
				LastUpgradeCheck = 1420;
				TargetAttributes = {
					F124A28529D31ED80037B276 = {
						CreatedOnToolsVersion = 14.2;
					};
				};
			};
			buildConfigurationList = F124A28129D31ED80037B276 /* Build configuration list for PBXProject "pokedex-ios" */;
			compatibilityVersion = "Xcode 14.0";
			developmentRegion = en;
			hasScannedForEncodings = 0;
			knownRegions = (
				en,
				Base,
			);
			mainGroup = F124A27D29D31ED80037B276;
			productRefGroup = F124A28729D31ED80037B276 /* Products */;
			projectDirPath = "";
			projectRoot = "";
			targets = (
				F124A28529D31ED80037B276 /* pokedex-ios */,
			);
		};
/* End PBXProject section */

/* Begin PBXResourcesBuildPhase section */
		F124A28429D31ED80037B276 /* Resources */ = {
			isa = PBXResourcesBuildPhase;
			buildActionMask = 2147483647;
			files = (
				F15458C229D764940069AF0E /* who_pokemon.0.jpg in Resources */,
				F124A29929D31ED90037B276 /* LaunchScreen.storyboard in Resources */,
				F124A29629D31ED90037B276 /* Assets.xcassets in Resources */,
				F15458C029D7636F0069AF0E /* Enamel_Pokeball_01_Top-View.png in Resources */,
				F124A29129D31ED80037B276 /* Main.storyboard in Resources */,
			);
			runOnlyForDeploymentPostprocessing = 0;
		};
/* End PBXResourcesBuildPhase section */

/* Begin PBXSourcesBuildPhase section */
		F124A28229D31ED80037B276 /* Sources */ = {
			isa = PBXSourcesBuildPhase;
			buildActionMask = 2147483647;
			files = (
				F124A28E29D31ED80037B276 /* ViewController.swift in Sources */,
				F124A28A29D31ED80037B276 /* AppDelegate.swift in Sources */,
				F17B171229D9B45E0005F28A /* enumSegue.swift in Sources */,
				F17B172029D9B6880005F28A /* TableViewController.swift in Sources */,
				F124A29429D31ED80037B276 /* pokedex_ios.xcdatamodeld in Sources */,
				F17B171E29D9B66A0005F28A /* RegistrationViewController.swift in Sources */,
				F17B171C29D9B64E0005F28A /* SelectedCellViewController.swift in Sources */,
				F124A28C29D31ED80037B276 /* SceneDelegate.swift in Sources */,
			);
			runOnlyForDeploymentPostprocessing = 0;
		};
/* End PBXSourcesBuildPhase section */

/* Begin PBXVariantGroup section */
		F124A28F29D31ED80037B276 /* Main.storyboard */ = {
			isa = PBXVariantGroup;
			children = (
				F124A29029D31ED80037B276 /* Base */,
			);
			name = Main.storyboard;
			sourceTree = "<group>";
		};
		F124A29729D31ED90037B276 /* LaunchScreen.storyboard */ = {
			isa = PBXVariantGroup;
			children = (
				F124A29829D31ED90037B276 /* Base */,
			);
			name = LaunchScreen.storyboard;
			sourceTree = "<group>";
		};
/* End PBXVariantGroup section */

/* Begin XCBuildConfiguration section */
		F124A29B29D31ED90037B276 /* Debug */ = {
			isa = XCBuildConfiguration;
			buildSettings = {
				ALWAYS_SEARCH_USER_PATHS = NO;
				CLANG_ANALYZER_NONNULL = YES;
				CLANG_ANALYZER_NUMBER_OBJECT_CONVERSION = YES_AGGRESSIVE;
				CLANG_CXX_LANGUAGE_STANDARD = "gnu++20";
				CLANG_ENABLE_MODULES = YES;
				CLANG_ENABLE_OBJC_ARC = YES;
				CLANG_ENABLE_OBJC_WEAK = YES;
				CLANG_WARN_BLOCK_CAPTURE_AUTORELEASING = YES;
				CLANG_WARN_BOOL_CONVERSION = YES;
				CLANG_WARN_COMMA = YES;
				CLANG_WARN_CONSTANT_CONVERSION = YES;
				CLANG_WARN_DEPRECATED_OBJC_IMPLEMENTATIONS = YES;
				CLANG_WARN_DIRECT_OBJC_ISA_USAGE = YES_ERROR;
				CLANG_WARN_DOCUMENTATION_COMMENTS = YES;
				CLANG_WARN_EMPTY_BODY = YES;
				CLANG_WARN_ENUM_CONVERSION = YES;
				CLANG_WARN_INFINITE_RECURSION = YES;
				CLANG_WARN_INT_CONVERSION = YES;
				CLANG_WARN_NON_LITERAL_NULL_CONVERSION = YES;
				CLANG_WARN_OBJC_IMPLICIT_RETAIN_SELF = YES;
				CLANG_WARN_OBJC_LITERAL_CONVERSION = YES;
				CLANG_WARN_OBJC_ROOT_CLASS = YES_ERROR;
				CLANG_WARN_QUOTED_INCLUDE_IN_FRAMEWORK_HEADER = YES;
				CLANG_WARN_RANGE_LOOP_ANALYSIS = YES;
				CLANG_WARN_STRICT_PROTOTYPES = YES;
				CLANG_WARN_SUSPICIOUS_MOVE = YES;
				CLANG_WARN_UNGUARDED_AVAILABILITY = YES_AGGRESSIVE;
				CLANG_WARN_UNREACHABLE_CODE = YES;
				CLANG_WARN__DUPLICATE_METHOD_MATCH = YES;
				COPY_PHASE_STRIP = NO;
				DEBUG_INFORMATION_FORMAT = dwarf;
				ENABLE_STRICT_OBJC_MSGSEND = YES;
				ENABLE_TESTABILITY = YES;
				GCC_C_LANGUAGE_STANDARD = gnu11;
				GCC_DYNAMIC_NO_PIC = NO;
				GCC_NO_COMMON_BLOCKS = YES;
				GCC_OPTIMIZATION_LEVEL = 0;
				GCC_PREPROCESSOR_DEFINITIONS = (
					"DEBUG=1",
					"$(inherited)",
				);
				GCC_WARN_64_TO_32_BIT_CONVERSION = YES;
				GCC_WARN_ABOUT_RETURN_TYPE = YES_ERROR;
				GCC_WARN_UNDECLARED_SELECTOR = YES;
				GCC_WARN_UNINITIALIZED_AUTOS = YES_AGGRESSIVE;
				GCC_WARN_UNUSED_FUNCTION = YES;
				GCC_WARN_UNUSED_VARIABLE = YES;
				IPHONEOS_DEPLOYMENT_TARGET = 16.2;
				MTL_ENABLE_DEBUG_INFO = INCLUDE_SOURCE;
				MTL_FAST_MATH = YES;
				ONLY_ACTIVE_ARCH = YES;
				SDKROOT = iphoneos;
				SWIFT_ACTIVE_COMPILATION_CONDITIONS = DEBUG;
				SWIFT_OPTIMIZATION_LEVEL = "-Onone";
			};
			name = Debug;
		};
		F124A29C29D31ED90037B276 /* Release */ = {
			isa = XCBuildConfiguration;
			buildSettings = {
				ALWAYS_SEARCH_USER_PATHS = NO;
				CLANG_ANALYZER_NONNULL = YES;
				CLANG_ANALYZER_NUMBER_OBJECT_CONVERSION = YES_AGGRESSIVE;
				CLANG_CXX_LANGUAGE_STANDARD = "gnu++20";
				CLANG_ENABLE_MODULES = YES;
				CLANG_ENABLE_OBJC_ARC = YES;
				CLANG_ENABLE_OBJC_WEAK = YES;
				CLANG_WARN_BLOCK_CAPTURE_AUTORELEASING = YES;
				CLANG_WARN_BOOL_CONVERSION = YES;
				CLANG_WARN_COMMA = YES;
				CLANG_WARN_CONSTANT_CONVERSION = YES;
				CLANG_WARN_DEPRECATED_OBJC_IMPLEMENTATIONS = YES;
				CLANG_WARN_DIRECT_OBJC_ISA_USAGE = YES_ERROR;
				CLANG_WARN_DOCUMENTATION_COMMENTS = YES;
				CLANG_WARN_EMPTY_BODY = YES;
				CLANG_WARN_ENUM_CONVERSION = YES;
				CLANG_WARN_INFINITE_RECURSION = YES;
				CLANG_WARN_INT_CONVERSION = YES;
				CLANG_WARN_NON_LITERAL_NULL_CONVERSION = YES;
				CLANG_WARN_OBJC_IMPLICIT_RETAIN_SELF = YES;
				CLANG_WARN_OBJC_LITERAL_CONVERSION = YES;
				CLANG_WARN_OBJC_ROOT_CLASS = YES_ERROR;
				CLANG_WARN_QUOTED_INCLUDE_IN_FRAMEWORK_HEADER = YES;
				CLANG_WARN_RANGE_LOOP_ANALYSIS = YES;
				CLANG_WARN_STRICT_PROTOTYPES = YES;
				CLANG_WARN_SUSPICIOUS_MOVE = YES;
				CLANG_WARN_UNGUARDED_AVAILABILITY = YES_AGGRESSIVE;
				CLANG_WARN_UNREACHABLE_CODE = YES;
				CLANG_WARN__DUPLICATE_METHOD_MATCH = YES;
				COPY_PHASE_STRIP = NO;
				DEBUG_INFORMATION_FORMAT = "dwarf-with-dsym";
				ENABLE_NS_ASSERTIONS = NO;
				ENABLE_STRICT_OBJC_MSGSEND = YES;
				GCC_C_LANGUAGE_STANDARD = gnu11;
				GCC_NO_COMMON_BLOCKS = YES;
				GCC_WARN_64_TO_32_BIT_CONVERSION = YES;
				GCC_WARN_ABOUT_RETURN_TYPE = YES_ERROR;
				GCC_WARN_UNDECLARED_SELECTOR = YES;
				GCC_WARN_UNINITIALIZED_AUTOS = YES_AGGRESSIVE;
				GCC_WARN_UNUSED_FUNCTION = YES;
				GCC_WARN_UNUSED_VARIABLE = YES;
				IPHONEOS_DEPLOYMENT_TARGET = 16.2;
				MTL_ENABLE_DEBUG_INFO = NO;
				MTL_FAST_MATH = YES;
				SDKROOT = iphoneos;
				SWIFT_COMPILATION_MODE = wholemodule;
				SWIFT_OPTIMIZATION_LEVEL = "-O";
				VALIDATE_PRODUCT = YES;
			};
			name = Release;
		};
		F124A29E29D31ED90037B276 /* Debug */ = {
			isa = XCBuildConfiguration;
			buildSettings = {
				ASSETCATALOG_COMPILER_APPICON_NAME = AppIcon;
				ASSETCATALOG_COMPILER_GLOBAL_ACCENT_COLOR_NAME = AccentColor;
				CODE_SIGN_STYLE = Automatic;
				CURRENT_PROJECT_VERSION = 1;
				DEVELOPMENT_TEAM = 5T32RV3WGE;
				GENERATE_INFOPLIST_FILE = YES;
				INFOPLIST_FILE = "pokedex-ios/Info.plist";
				INFOPLIST_KEY_UIApplicationSupportsIndirectInputEvents = YES;
				INFOPLIST_KEY_UILaunchStoryboardName = LaunchScreen;
				INFOPLIST_KEY_UIMainStoryboardFile = Main;
				INFOPLIST_KEY_UISupportedInterfaceOrientations_iPad = "UIInterfaceOrientationPortrait UIInterfaceOrientationPortraitUpsideDown UIInterfaceOrientationLandscapeLeft UIInterfaceOrientationLandscapeRight";
				INFOPLIST_KEY_UISupportedInterfaceOrientations_iPhone = "UIInterfaceOrientationPortrait UIInterfaceOrientationLandscapeLeft UIInterfaceOrientationLandscapeRight";
				LD_RUNPATH_SEARCH_PATHS = (
					"$(inherited)",
					"@executable_path/Frameworks",
				);
				MARKETING_VERSION = 1.0;
				PRODUCT_BUNDLE_IDENTIFIER = "jeanmichelbb.synology.me.pokedex-ios";
				PRODUCT_NAME = "$(TARGET_NAME)";
				SWIFT_EMIT_LOC_STRINGS = YES;
				SWIFT_VERSION = 5.0;
				TARGETED_DEVICE_FAMILY = "1,2";
			};
			name = Debug;
		};
		F124A29F29D31ED90037B276 /* Release */ = {
			isa = XCBuildConfiguration;
			buildSettings = {
				ASSETCATALOG_COMPILER_APPICON_NAME = AppIcon;
				ASSETCATALOG_COMPILER_GLOBAL_ACCENT_COLOR_NAME = AccentColor;
				CODE_SIGN_STYLE = Automatic;
				CURRENT_PROJECT_VERSION = 1;
				DEVELOPMENT_TEAM = 5T32RV3WGE;
				GENERATE_INFOPLIST_FILE = YES;
				INFOPLIST_FILE = "pokedex-ios/Info.plist";
				INFOPLIST_KEY_UIApplicationSupportsIndirectInputEvents = YES;
				INFOPLIST_KEY_UILaunchStoryboardName = LaunchScreen;
				INFOPLIST_KEY_UIMainStoryboardFile = Main;
				INFOPLIST_KEY_UISupportedInterfaceOrientations_iPad = "UIInterfaceOrientationPortrait UIInterfaceOrientationPortraitUpsideDown UIInterfaceOrientationLandscapeLeft UIInterfaceOrientationLandscapeRight";
				INFOPLIST_KEY_UISupportedInterfaceOrientations_iPhone = "UIInterfaceOrientationPortrait UIInterfaceOrientationLandscapeLeft UIInterfaceOrientationLandscapeRight";
				LD_RUNPATH_SEARCH_PATHS = (
					"$(inherited)",
					"@executable_path/Frameworks",
				);
				MARKETING_VERSION = 1.0;
				PRODUCT_BUNDLE_IDENTIFIER = "jeanmichelbb.synology.me.pokedex-ios";
				PRODUCT_NAME = "$(TARGET_NAME)";
				SWIFT_EMIT_LOC_STRINGS = YES;
				SWIFT_VERSION = 5.0;
				TARGETED_DEVICE_FAMILY = "1,2";
			};
			name = Release;
		};
/* End XCBuildConfiguration section */

/* Begin XCConfigurationList section */
		F124A28129D31ED80037B276 /* Build configuration list for PBXProject "pokedex-ios" */ = {
			isa = XCConfigurationList;
			buildConfigurations = (
				F124A29B29D31ED90037B276 /* Debug */,
				F124A29C29D31ED90037B276 /* Release */,
			);
			defaultConfigurationIsVisible = 0;
			defaultConfigurationName = Release;
		};
		F124A29D29D31ED90037B276 /* Build configuration list for PBXNativeTarget "pokedex-ios" */ = {
			isa = XCConfigurationList;
			buildConfigurations = (
				F124A29E29D31ED90037B276 /* Debug */,
				F124A29F29D31ED90037B276 /* Release */,
			);
			defaultConfigurationIsVisible = 0;
			defaultConfigurationName = Release;
		};
/* End XCConfigurationList section */

/* Begin XCVersionGroup section */
		F124A29229D31ED80037B276 /* pokedex_ios.xcdatamodeld */ = {
			isa = XCVersionGroup;
			children = (
				F124A29329D31ED80037B276 /* pokedex_ios.xcdatamodel */,
			);
			currentVersion = F124A29329D31ED80037B276 /* pokedex_ios.xcdatamodel */;
			path = pokedex_ios.xcdatamodeld;
			sourceTree = "<group>";
			versionGroupType = wrapper.xcdatamodel;
		};
/* End XCVersionGroup section */
	};
	rootObject = F124A27E29D31ED80037B276 /* Project object */;
}
